
Microsoft Visual Studio Solution File, Format Version 12.00
# Visual Studio Version 17
VisualStudioVersion = 17.8.34525.116
MinimumVisualStudioVersion = 10.0.40219.1
Project("{9A19103F-16F7-4668-BE54-9A1E7A4F7556}") = "NCU.API.METRICS", "NCU.API.METRICS\NCU.API.METRICS.csproj", "{03D26DC9-516A-4269-BC90-E0320C3F06CF}"
EndProject
Project("{9A19103F-16F7-4668-BE54-9A1E7A4F7556}") = "Helpers", "Helpers\Helpers.csproj", "{FB9F00FA-91B7-43A5-9F96-A022842ED4FF}"
EndProject
Project("{FAE04EC0-301F-11D3-BF4B-00C04F79EFBC}") = "NCU.API.Wiki", "NCU.API.Wiki\NCU.API.Wiki.csproj", "{E16863AA-4EAC-4A30-BCD6-AAF907ECD0EE}"
EndProject
Project("{FAE04EC0-301F-11D3-BF4B-00C04F79EFBC}") = "NCU.Services.Wiki", "NCU.Services.Wiki\NCU.Services.Wiki.csproj", "{8F747930-628B-48CB-B8CE-581F8F83A4C2}"
EndProject
Project("{FAE04EC0-301F-11D3-BF4B-00C04F79EFBC}") = "DataAccess", "DataAccess\DataAccess.csproj", "{FAF95D58-E0D1-4DF5-B4B1-A3689CD8AE8B}"
EndProject
Project("{00D1A9C2-B5F0-4AF3-8072-F6C62B433612}") = "Wiki", "Wiki\Wiki.sqlproj", "{A256CCC1-3259-41C0-A76B-7AF3DEEBB956}"
EndProject
Global
	GlobalSection(SolutionConfigurationPlatforms) = preSolution
		Debug|Any CPU = Debug|Any CPU
		Release|Any CPU = Release|Any CPU
	EndGlobalSection
	GlobalSection(ProjectConfigurationPlatforms) = postSolution
		{03D26DC9-516A-4269-BC90-E0320C3F06CF}.Debug|Any CPU.ActiveCfg = Debug|Any CPU
		{03D26DC9-516A-4269-BC90-E0320C3F06CF}.Debug|Any CPU.Build.0 = Debug|Any CPU
		{03D26DC9-516A-4269-BC90-E0320C3F06CF}.Release|Any CPU.ActiveCfg = Release|Any CPU
		{03D26DC9-516A-4269-BC90-E0320C3F06CF}.Release|Any CPU.Build.0 = Release|Any CPU
		{FB9F00FA-91B7-43A5-9F96-A022842ED4FF}.Debug|Any CPU.ActiveCfg = Debug|Any CPU
		{FB9F00FA-91B7-43A5-9F96-A022842ED4FF}.Debug|Any CPU.Build.0 = Debug|Any CPU
		{FB9F00FA-91B7-43A5-9F96-A022842ED4FF}.Release|Any CPU.ActiveCfg = Release|Any CPU
		{FB9F00FA-91B7-43A5-9F96-A022842ED4FF}.Release|Any CPU.Build.0 = Release|Any CPU
		{E16863AA-4EAC-4A30-BCD6-AAF907ECD0EE}.Debug|Any CPU.ActiveCfg = Debug|Any CPU
		{E16863AA-4EAC-4A30-BCD6-AAF907ECD0EE}.Debug|Any CPU.Build.0 = Debug|Any CPU
		{E16863AA-4EAC-4A30-BCD6-AAF907ECD0EE}.Release|Any CPU.ActiveCfg = Release|Any CPU
		{E16863AA-4EAC-4A30-BCD6-AAF907ECD0EE}.Release|Any CPU.Build.0 = Release|Any CPU
		{8F747930-628B-48CB-B8CE-581F8F83A4C2}.Debug|Any CPU.ActiveCfg = Debug|Any CPU
		{8F747930-628B-48CB-B8CE-581F8F83A4C2}.Debug|Any CPU.Build.0 = Debug|Any CPU
		{8F747930-628B-48CB-B8CE-581F8F83A4C2}.Release|Any CPU.ActiveCfg = Release|Any CPU
		{8F747930-628B-48CB-B8CE-581F8F83A4C2}.Release|Any CPU.Build.0 = Release|Any CPU
		{FAF95D58-E0D1-4DF5-B4B1-A3689CD8AE8B}.Debug|Any CPU.ActiveCfg = Debug|Any CPU
		{FAF95D58-E0D1-4DF5-B4B1-A3689CD8AE8B}.Debug|Any CPU.Build.0 = Debug|Any CPU
		{FAF95D58-E0D1-4DF5-B4B1-A3689CD8AE8B}.Release|Any CPU.ActiveCfg = Release|Any CPU
		{FAF95D58-E0D1-4DF5-B4B1-A3689CD8AE8B}.Release|Any CPU.Build.0 = Release|Any CPU
		{A256CCC1-3259-41C0-A76B-7AF3DEEBB956}.Debug|Any CPU.ActiveCfg = Debug|Any CPU
		{A256CCC1-3259-41C0-A76B-7AF3DEEBB956}.Debug|Any CPU.Build.0 = Debug|Any CPU
		{A256CCC1-3259-41C0-A76B-7AF3DEEBB956}.Debug|Any CPU.Deploy.0 = Debug|Any CPU
		{A256CCC1-3259-41C0-A76B-7AF3DEEBB956}.Release|Any CPU.ActiveCfg = Release|Any CPU
		{A256CCC1-3259-41C0-A76B-7AF3DEEBB956}.Release|Any CPU.Build.0 = Release|Any CPU
		{A256CCC1-3259-41C0-A76B-7AF3DEEBB956}.Release|Any CPU.Deploy.0 = Release|Any CPU
	EndGlobalSection
	GlobalSection(SolutionProperties) = preSolution
		HideSolutionNode = FALSE
	EndGlobalSection
	GlobalSection(ExtensibilityGlobals) = postSolution
		SolutionGuid = {8EDD96F4-6B00-4C95-B06D-E5E6007E779A}
	EndGlobalSection
EndGlobal
